
Microsoft Visual Studio Solution File, Format Version 12.00
# Visual Studio 14
VisualStudioVersion = 14.0.25420.1
MinimumVisualStudioVersion = 10.0.40219.1
Project("{FAE04EC0-301F-11D3-BF4B-00C04F79EFBC}") = "WebAPI.Testing", "src\WebAPI.Testing\WebAPI.Testing.csproj", "{57EEDE70-EF3F-4DF9-9408-E08F272CDA00}"
EndProject
Project("{FAE04EC0-301F-11D3-BF4B-00C04F79EFBC}") = "WebAPI.Testing.Tests", "src\WebAPI.Testing.Tests\WebAPI.Testing.Tests.csproj", "{3D1B9E1B-034B-4CDB-85E2-224293699093}"
EndProject
Project("{2150E333-8FDC-42A3-9474-1A3956D46DE8}") = "Solution Items", "Solution Items", "{2A87DE7D-2CDC-48F6-8388-FA56CF2B5BFF}"
	ProjectSection(SolutionItems) = preProject
		licence.txt = licence.txt
		README.md = README.md
		WebAPI.Testing.nuspec = WebAPI.Testing.nuspec
	EndProjectSection
EndProject
Global
	GlobalSection(SolutionConfigurationPlatforms) = preSolution
		Debug|Any CPU = Debug|Any CPU
		Release|Any CPU = Release|Any CPU
	EndGlobalSection
	GlobalSection(ProjectConfigurationPlatforms) = postSolution
		{57EEDE70-EF3F-4DF9-9408-E08F272CDA00}.Debug|Any CPU.ActiveCfg = Debug|Any CPU
		{57EEDE70-EF3F-4DF9-9408-E08F272CDA00}.Debug|Any CPU.Build.0 = Debug|Any CPU
		{57EEDE70-EF3F-4DF9-9408-E08F272CDA00}.Release|Any CPU.ActiveCfg = Release|Any CPU
		{57EEDE70-EF3F-4DF9-9408-E08F272CDA00}.Release|Any CPU.Build.0 = Release|Any CPU
		{3D1B9E1B-034B-4CDB-85E2-224293699093}.Debug|Any CPU.ActiveCfg = Debug|Any CPU
		{3D1B9E1B-034B-4CDB-85E2-224293699093}.Debug|Any CPU.Build.0 = Debug|Any CPU
		{3D1B9E1B-034B-4CDB-85E2-224293699093}.Release|Any CPU.ActiveCfg = Release|Any CPU
		{3D1B9E1B-034B-4CDB-85E2-224293699093}.Release|Any CPU.Build.0 = Release|Any CPU
	EndGlobalSection
	GlobalSection(SolutionProperties) = preSolution
		HideSolutionNode = FALSE
	EndGlobalSection
EndGlobal
